github.com/EnricoPicci/modc v1.5.0 h1:eIaoRAJlbNlAed97vSZ/A51ZmMUgMEbmwTp90MfDr4E=
github.com/EnricoPicci/modc v1.5.0/go.mod h1:2lDF/l99KUwSxGPtuAUgPlpTill2idoI1M3I5PQPPBU=
github.com/EnricoPicci/modd v1.0.0 h1:b8Hi9WxPh2qHOxA7caG/VMF77+zuOc4UeTdJ8YWb8kQ=
github.com/EnricoPicci/modd v1.0.0/go.mod h1:OSSmtp7MsEcXsIJ0Hm28VSx63Zo6Cwk3rwj+O5rs4gE=
